// !$*UTF8*$!
{
	archiveVersion = 1;
	classes = {
	};
	objectVersion = 46;
	objects = {

/* Begin PBXBuildFile section */
		006D720419952D00008149E2 /* AVFoundation.framework in Frameworks */ = {isa = PBXBuildFile; fileRef = 006D720219952D00008149E2 /* AVFoundation.framework */; };
		006D720519952D00008149E2 /* CoreMedia.framework in Frameworks */ = {isa = PBXBuildFile; fileRef = 006D720319952D00008149E2 /* CoreMedia.framework */; };
		0091D8F90E81B9330029341E /* OpenGL.framework in Frameworks */ = {isa = PBXBuildFile; fileRef = 0091D8F80E81B9330029341E /* OpenGL.framework */; };
		00B784B30FF439BC000DE1D7 /* Accelerate.framework in Frameworks */ = {isa = PBXBuildFile; fileRef = 00B784AF0FF439BC000DE1D7 /* Accelerate.framework */; };
		00B784B40FF439BC000DE1D7 /* AudioToolbox.framework in Frameworks */ = {isa = PBXBuildFile; fileRef = 00B784B00FF439BC000DE1D7 /* AudioToolbox.framework */; };
		00B784B50FF439BC000DE1D7 /* AudioUnit.framework in Frameworks */ = {isa = PBXBuildFile; fileRef = 00B784B10FF439BC000DE1D7 /* AudioUnit.framework */; };
		00B784B60FF439BC000DE1D7 /* CoreAudio.framework in Frameworks */ = {isa = PBXBuildFile; fileRef = 00B784B20FF439BC000DE1D7 /* CoreAudio.framework */; };
		00B9955A1B128DF400A5C623 /* IOKit.framework in Frameworks */ = {isa = PBXBuildFile; fileRef = 00B995581B128DF400A5C623 /* IOKit.framework */; };
		00B9955B1B128DF400A5C623 /* IOSurface.framework in Frameworks */ = {isa = PBXBuildFile; fileRef = 00B995591B128DF400A5C623 /* IOSurface.framework */; };
		2935C3611770422796E632CF /* CinderBgfxApp.cpp in Sources */ = {isa = PBXBuildFile; fileRef = 4E1E9D16B1604A839BF33396 /* CinderBgfxApp.cpp */; };
		48CEB1F6B5B04A379463890E /* CinderApp.icns in Resources */ = {isa = PBXBuildFile; fileRef = 05DE97544EC94B1A835BFBE9 /* CinderApp.icns */; };
		5323E6B20EAFCA74003A9687 /* CoreVideo.framework in Frameworks */ = {isa = PBXBuildFile; fileRef = 5323E6B10EAFCA74003A9687 /* CoreVideo.framework */; };
		748C60601D2BF64A00CD1B8C /* bgfx.cpp in Sources */ = {isa = PBXBuildFile; fileRef = 748C600E1D2BF64A00CD1B8C /* bgfx.cpp */; };
		748C60611D2BF64A00CD1B8C /* bgfx_compute.sh in Resources */ = {isa = PBXBuildFile; fileRef = 748C600F1D2BF64A00CD1B8C /* bgfx_compute.sh */; };
		748C60621D2BF64A00CD1B8C /* bgfx_shader.sh in Resources */ = {isa = PBXBuildFile; fileRef = 748C60111D2BF64A00CD1B8C /* bgfx_shader.sh */; };
		748C60631D2BF64A00CD1B8C /* debug_renderdoc.cpp in Sources */ = {isa = PBXBuildFile; fileRef = 748C60141D2BF64A00CD1B8C /* debug_renderdoc.cpp */; };
		748C60641D2BF64A00CD1B8C /* fs_clear0.sc in Resources */ = {isa = PBXBuildFile; fileRef = 748C60171D2BF64A00CD1B8C /* fs_clear0.sc */; };
		748C60651D2BF64A00CD1B8C /* fs_clear1.sc in Resources */ = {isa = PBXBuildFile; fileRef = 748C60191D2BF64A00CD1B8C /* fs_clear1.sc */; };
		748C60661D2BF64A00CD1B8C /* fs_clear2.sc in Resources */ = {isa = PBXBuildFile; fileRef = 748C601B1D2BF64A00CD1B8C /* fs_clear2.sc */; };
		748C60671D2BF64A00CD1B8C /* fs_clear3.sc in Resources */ = {isa = PBXBuildFile; fileRef = 748C601D1D2BF64A00CD1B8C /* fs_clear3.sc */; };
		748C60681D2BF64A00CD1B8C /* fs_clear4.sc in Resources */ = {isa = PBXBuildFile; fileRef = 748C601F1D2BF64A00CD1B8C /* fs_clear4.sc */; };
		748C60691D2BF64A00CD1B8C /* fs_clear5.sc in Resources */ = {isa = PBXBuildFile; fileRef = 748C60211D2BF64A00CD1B8C /* fs_clear5.sc */; };
		748C606A1D2BF64A00CD1B8C /* fs_clear6.sc in Resources */ = {isa = PBXBuildFile; fileRef = 748C60231D2BF64A00CD1B8C /* fs_clear6.sc */; };
		748C606B1D2BF64A00CD1B8C /* fs_clear7.sc in Resources */ = {isa = PBXBuildFile; fileRef = 748C60251D2BF64A00CD1B8C /* fs_clear7.sc */; };
		748C606C1D2BF64A00CD1B8C /* fs_debugfont.sc in Resources */ = {isa = PBXBuildFile; fileRef = 748C60271D2BF64A00CD1B8C /* fs_debugfont.sc */; };
		748C606D1D2BF64A00CD1B8C /* glcontext_eagl.mm in Sources */ = {isa = PBXBuildFile; fileRef = 748C60291D2BF64A00CD1B8C /* glcontext_eagl.mm */; };
		748C606E1D2BF64A00CD1B8C /* glcontext_egl.cpp in Sources */ = {isa = PBXBuildFile; fileRef = 748C602A1D2BF64A00CD1B8C /* glcontext_egl.cpp */; };
		748C606F1D2BF64A00CD1B8C /* glcontext_glx.cpp in Sources */ = {isa = PBXBuildFile; fileRef = 748C602C1D2BF64A00CD1B8C /* glcontext_glx.cpp */; };
		748C60701D2BF64A00CD1B8C /* glcontext_nsgl.mm in Sources */ = {isa = PBXBuildFile; fileRef = 748C602F1D2BF64A00CD1B8C /* glcontext_nsgl.mm */; };
		748C60711D2BF64A00CD1B8C /* glcontext_ppapi.cpp in Sources */ = {isa = PBXBuildFile; fileRef = 748C60301D2BF64A00CD1B8C /* glcontext_ppapi.cpp */; };
		748C60721D2BF64A00CD1B8C /* glcontext_wgl.cpp in Sources */ = {isa = PBXBuildFile; fileRef = 748C60321D2BF64A00CD1B8C /* glcontext_wgl.cpp */; };
		748C60751D2BF64A00CD1B8C /* image.cpp in Sources */ = {isa = PBXBuildFile; fileRef = 748C60391D2BF64A00CD1B8C /* image.cpp */; };
		748C60771D2BF64A00CD1B8C /* renderer_d3d11.cpp in Sources */ = {isa = PBXBuildFile; fileRef = 748C603E1D2BF64A00CD1B8C /* renderer_d3d11.cpp */; };
		748C60781D2BF64A00CD1B8C /* renderer_d3d12.cpp in Sources */ = {isa = PBXBuildFile; fileRef = 748C60401D2BF64A00CD1B8C /* renderer_d3d12.cpp */; };
		748C60791D2BF64A00CD1B8C /* renderer_d3d9.cpp in Sources */ = {isa = PBXBuildFile; fileRef = 748C60421D2BF64A00CD1B8C /* renderer_d3d9.cpp */; };
		748C607A1D2BF64A00CD1B8C /* renderer_gl.cpp in Sources */ = {isa = PBXBuildFile; fileRef = 748C60441D2BF64A00CD1B8C /* renderer_gl.cpp */; };
		748C607B1D2BF64A00CD1B8C /* renderer_mtl.mm in Sources */ = {isa = PBXBuildFile; fileRef = 748C60471D2BF64A00CD1B8C /* renderer_mtl.mm */; };
		748C607C1D2BF64A00CD1B8C /* renderer_null.cpp in Sources */ = {isa = PBXBuildFile; fileRef = 748C60481D2BF64A00CD1B8C /* renderer_null.cpp */; };
		748C607D1D2BF64A00CD1B8C /* renderer_vk.cpp in Sources */ = {isa = PBXBuildFile; fileRef = 748C60491D2BF64A00CD1B8C /* renderer_vk.cpp */; };
		748C607E1D2BF64A00CD1B8C /* shader.cpp in Sources */ = {isa = PBXBuildFile; fileRef = 748C604A1D2BF64A00CD1B8C /* shader.cpp */; };
		748C607F1D2BF64A00CD1B8C /* shader_dx9bc.cpp in Sources */ = {isa = PBXBuildFile; fileRef = 748C604C1D2BF64A00CD1B8C /* shader_dx9bc.cpp */; };
		748C60801D2BF64A00CD1B8C /* shader_dxbc.cpp in Sources */ = {isa = PBXBuildFile; fileRef = 748C604E1D2BF64A00CD1B8C /* shader_dxbc.cpp */; };
		748C60811D2BF64A00CD1B8C /* shader_spirv.cpp in Sources */ = {isa = PBXBuildFile; fileRef = 748C60501D2BF64A00CD1B8C /* shader_spirv.cpp */; };
		748C60821D2BF64A00CD1B8C /* topology.cpp in Sources */ = {isa = PBXBuildFile; fileRef = 748C60521D2BF64A00CD1B8C /* topology.cpp */; };
		748C60831D2BF64A00CD1B8C /* varying.def.sc in Resources */ = {isa = PBXBuildFile; fileRef = 748C60541D2BF64A00CD1B8C /* varying.def.sc */; };
		748C60841D2BF64A00CD1B8C /* vertexdecl.cpp in Sources */ = {isa = PBXBuildFile; fileRef = 748C60551D2BF64A00CD1B8C /* vertexdecl.cpp */; };
		748C60851D2BF64A00CD1B8C /* vs_clear.sc in Resources */ = {isa = PBXBuildFile; fileRef = 748C60581D2BF64A00CD1B8C /* vs_clear.sc */; };
		748C60861D2BF64A00CD1B8C /* vs_debugfont.sc in Resources */ = {isa = PBXBuildFile; fileRef = 748C605A1D2BF64A00CD1B8C /* vs_debugfont.sc */; };
		748C60D51D2BF87E00CD1B8C /* float4_swizzle.inl in Resources */ = {isa = PBXBuildFile; fileRef = 748C60971D2BF87E00CD1B8C /* float4_swizzle.inl */; };
		748C60D61D2BF87E00CD1B8C /* LICENSE in Resources */ = {isa = PBXBuildFile; fileRef = 748C60CD1D2BF87E00CD1B8C /* LICENSE */; };
		8D11072F0486CEB800E47090 /* Cocoa.framework in Frameworks */ = {isa = PBXBuildFile; fileRef = 1058C7A1FEA54F0111CA2CBB /* Cocoa.framework */; };
/* End PBXBuildFile section */

/* Begin PBXFileReference section */
		006D720219952D00008149E2 /* AVFoundation.framework */ = {isa = PBXFileReference; lastKnownFileType = wrapper.framework; name = AVFoundation.framework; path = System/Library/Frameworks/AVFoundation.framework; sourceTree = SDKROOT; };
		006D720319952D00008149E2 /* CoreMedia.framework */ = {isa = PBXFileReference; lastKnownFileType = wrapper.framework; name = CoreMedia.framework; path = System/Library/Frameworks/CoreMedia.framework; sourceTree = SDKROOT; };
		0091D8F80E81B9330029341E /* OpenGL.framework */ = {isa = PBXFileReference; lastKnownFileType = wrapper.framework; name = OpenGL.framework; path = /System/Library/Frameworks/OpenGL.framework; sourceTree = "<absolute>"; };
		00B784AF0FF439BC000DE1D7 /* Accelerate.framework */ = {isa = PBXFileReference; lastKnownFileType = wrapper.framework; name = Accelerate.framework; path = System/Library/Frameworks/Accelerate.framework; sourceTree = SDKROOT; };
		00B784B00FF439BC000DE1D7 /* AudioToolbox.framework */ = {isa = PBXFileReference; lastKnownFileType = wrapper.framework; name = AudioToolbox.framework; path = System/Library/Frameworks/AudioToolbox.framework; sourceTree = SDKROOT; };
		00B784B10FF439BC000DE1D7 /* AudioUnit.framework */ = {isa = PBXFileReference; lastKnownFileType = wrapper.framework; name = AudioUnit.framework; path = System/Library/Frameworks/AudioUnit.framework; sourceTree = SDKROOT; };
		00B784B20FF439BC000DE1D7 /* CoreAudio.framework */ = {isa = PBXFileReference; lastKnownFileType = wrapper.framework; name = CoreAudio.framework; path = System/Library/Frameworks/CoreAudio.framework; sourceTree = SDKROOT; };
		00B995581B128DF400A5C623 /* IOKit.framework */ = {isa = PBXFileReference; lastKnownFileType = wrapper.framework; name = IOKit.framework; path = System/Library/Frameworks/IOKit.framework; sourceTree = SDKROOT; };
		00B995591B128DF400A5C623 /* IOSurface.framework */ = {isa = PBXFileReference; lastKnownFileType = wrapper.framework; name = IOSurface.framework; path = System/Library/Frameworks/IOSurface.framework; sourceTree = SDKROOT; };
		05DE97544EC94B1A835BFBE9 /* CinderApp.icns */ = {isa = PBXFileReference; lastKnownFileType = image.icns; name = CinderApp.icns; path = ../resources/CinderApp.icns; sourceTree = "<group>"; };
		1058C7A1FEA54F0111CA2CBB /* Cocoa.framework */ = {isa = PBXFileReference; lastKnownFileType = wrapper.framework; name = Cocoa.framework; path = /System/Library/Frameworks/Cocoa.framework; sourceTree = "<absolute>"; };
		29B97324FDCFA39411CA2CEA /* AppKit.framework */ = {isa = PBXFileReference; lastKnownFileType = wrapper.framework; name = AppKit.framework; path = /System/Library/Frameworks/AppKit.framework; sourceTree = "<absolute>"; };
		29B97325FDCFA39411CA2CEA /* Foundation.framework */ = {isa = PBXFileReference; lastKnownFileType = wrapper.framework; name = Foundation.framework; path = /System/Library/Frameworks/Foundation.framework; sourceTree = "<absolute>"; };
		4E1E9D16B1604A839BF33396 /* CinderBgfxApp.cpp */ = {isa = PBXFileReference; lastKnownFileType = sourcecode.c.cpp; name = CinderBgfxApp.cpp; path = ../src/CinderBgfxApp.cpp; sourceTree = "<group>"; };
		517895A22510478786139C18 /* Resources.h */ = {isa = PBXFileReference; lastKnownFileType = sourcecode.c.h; name = Resources.h; path = ../include/Resources.h; sourceTree = "<group>"; };
		5323E6B10EAFCA74003A9687 /* CoreVideo.framework */ = {isa = PBXFileReference; lastKnownFileType = wrapper.framework; name = CoreVideo.framework; path = /System/Library/Frameworks/CoreVideo.framework; sourceTree = "<absolute>"; };
		5AB28A242A4B41A89977492E /* Info.plist */ = {isa = PBXFileReference; lastKnownFileType = text.plist.xml; path = Info.plist; sourceTree = "<group>"; };
		748C5FB81D2BF64A00CD1B8C /* bgfx.h */ = {isa = PBXFileReference; fileEncoding = 4; lastKnownFileType = sourcecode.c.h; path = bgfx.h; sourceTree = "<group>"; };
		748C5FB91D2BF64A00CD1B8C /* bgfxdefines.h */ = {isa = PBXFileReference; fileEncoding = 4; lastKnownFileType = sourcecode.c.h; path = bgfxdefines.h; sourceTree = "<group>"; };
		748C5FBA1D2BF64A00CD1B8C /* bgfxplatform.h */ = {isa = PBXFileReference; fileEncoding = 4; lastKnownFileType = sourcecode.c.h; path = bgfxplatform.h; sourceTree = "<group>"; };
		748C5FBC1D2BF64A00CD1B8C /* bgfx.h */ = {isa = PBXFileReference; fileEncoding = 4; lastKnownFileType = sourcecode.c.h; path = bgfx.h; sourceTree = "<group>"; };
		748C5FBD1D2BF64A00CD1B8C /* bgfxplatform.h */ = {isa = PBXFileReference; fileEncoding = 4; lastKnownFileType = sourcecode.c.h; path = bgfxplatform.h; sourceTree = "<group>"; };
		748C600E1D2BF64A00CD1B8C /* bgfx.cpp */ = {isa = PBXFileReference; fileEncoding = 4; lastKnownFileType = sourcecode.cpp.cpp; path = bgfx.cpp; sourceTree = "<group>"; };
		748C600F1D2BF64A00CD1B8C /* bgfx_compute.sh */ = {isa = PBXFileReference; fileEncoding = 4; lastKnownFileType = text.script.sh; path = bgfx_compute.sh; sourceTree = "<group>"; };
		748C60101D2BF64A00CD1B8C /* bgfx_p.h */ = {isa = PBXFileReference; fileEncoding = 4; lastKnownFileType = sourcecode.c.h; path = bgfx_p.h; sourceTree = "<group>"; };
		748C60111D2BF64A00CD1B8C /* bgfx_shader.sh */ = {isa = PBXFileReference; fileEncoding = 4; lastKnownFileType = text.script.sh; path = bgfx_shader.sh; sourceTree = "<group>"; };
		748C60121D2BF64A00CD1B8C /* charset.h */ = {isa = PBXFileReference; fileEncoding = 4; lastKnownFileType = sourcecode.c.h; path = charset.h; sourceTree = "<group>"; };
		748C60131D2BF64A00CD1B8C /* config.h */ = {isa = PBXFileReference; fileEncoding = 4; lastKnownFileType = sourcecode.c.h; path = config.h; sourceTree = "<group>"; };
		748C60141D2BF64A00CD1B8C /* debug_renderdoc.cpp */ = {isa = PBXFileReference; fileEncoding = 4; lastKnownFileType = sourcecode.cpp.cpp; path = debug_renderdoc.cpp; sourceTree = "<group>"; };
		748C60151D2BF64A00CD1B8C /* debug_renderdoc.h */ = {isa = PBXFileReference; fileEncoding = 4; lastKnownFileType = sourcecode.c.h; path = debug_renderdoc.h; sourceTree = "<group>"; };
		748C60161D2BF64A00CD1B8C /* fs_clear0.bin.h */ = {isa = PBXFileReference; fileEncoding = 4; lastKnownFileType = sourcecode.c.h; path = fs_clear0.bin.h; sourceTree = "<group>"; };
		748C60171D2BF64A00CD1B8C /* fs_clear0.sc */ = {isa = PBXFileReference; fileEncoding = 4; lastKnownFileType = text; path = fs_clear0.sc; sourceTree = "<group>"; };
		748C60181D2BF64A00CD1B8C /* fs_clear1.bin.h */ = {isa = PBXFileReference; fileEncoding = 4; lastKnownFileType = sourcecode.c.h; path = fs_clear1.bin.h; sourceTree = "<group>"; };
		748C60191D2BF64A00CD1B8C /* fs_clear1.sc */ = {isa = PBXFileReference; fileEncoding = 4; lastKnownFileType = text; path = fs_clear1.sc; sourceTree = "<group>"; };
		748C601A1D2BF64A00CD1B8C /* fs_clear2.bin.h */ = {isa = PBXFileReference; fileEncoding = 4; lastKnownFileType = sourcecode.c.h; path = fs_clear2.bin.h; sourceTree = "<group>"; };
		748C601B1D2BF64A00CD1B8C /* fs_clear2.sc */ = {isa = PBXFileReference; fileEncoding = 4; lastKnownFileType = text; path = fs_clear2.sc; sourceTree = "<group>"; };
		748C601C1D2BF64A00CD1B8C /* fs_clear3.bin.h */ = {isa = PBXFileReference; fileEncoding = 4; lastKnownFileType = sourcecode.c.h; path = fs_clear3.bin.h; sourceTree = "<group>"; };
		748C601D1D2BF64A00CD1B8C /* fs_clear3.sc */ = {isa = PBXFileReference; fileEncoding = 4; lastKnownFileType = text; path = fs_clear3.sc; sourceTree = "<group>"; };
		748C601E1D2BF64A00CD1B8C /* fs_clear4.bin.h */ = {isa = PBXFileReference; fileEncoding = 4; lastKnownFileType = sourcecode.c.h; path = fs_clear4.bin.h; sourceTree = "<group>"; };
		748C601F1D2BF64A00CD1B8C /* fs_clear4.sc */ = {isa = PBXFileReference; fileEncoding = 4; lastKnownFileType = text; path = fs_clear4.sc; sourceTree = "<group>"; };
		748C60201D2BF64A00CD1B8C /* fs_clear5.bin.h */ = {isa = PBXFileReference; fileEncoding = 4; lastKnownFileType = sourcecode.c.h; path = fs_clear5.bin.h; sourceTree = "<group>"; };
		748C60211D2BF64A00CD1B8C /* fs_clear5.sc */ = {isa = PBXFileReference; fileEncoding = 4; lastKnownFileType = text; path = fs_clear5.sc; sourceTree = "<group>"; };
		748C60221D2BF64A00CD1B8C /* fs_clear6.bin.h */ = {isa = PBXFileReference; fileEncoding = 4; lastKnownFileType = sourcecode.c.h; path = fs_clear6.bin.h; sourceTree = "<group>"; };
		748C60231D2BF64A00CD1B8C /* fs_clear6.sc */ = {isa = PBXFileReference; fileEncoding = 4; lastKnownFileType = text; path = fs_clear6.sc; sourceTree = "<group>"; };
		748C60241D2BF64A00CD1B8C /* fs_clear7.bin.h */ = {isa = PBXFileReference; fileEncoding = 4; lastKnownFileType = sourcecode.c.h; path = fs_clear7.bin.h; sourceTree = "<group>"; };
		748C60251D2BF64A00CD1B8C /* fs_clear7.sc */ = {isa = PBXFileReference; fileEncoding = 4; lastKnownFileType = text; path = fs_clear7.sc; sourceTree = "<group>"; };
		748C60261D2BF64A00CD1B8C /* fs_debugfont.bin.h */ = {isa = PBXFileReference; fileEncoding = 4; lastKnownFileType = sourcecode.c.h; path = fs_debugfont.bin.h; sourceTree = "<group>"; };
		748C60271D2BF64A00CD1B8C /* fs_debugfont.sc */ = {isa = PBXFileReference; fileEncoding = 4; lastKnownFileType = text; path = fs_debugfont.sc; sourceTree = "<group>"; };
		748C60281D2BF64A00CD1B8C /* glcontext_eagl.h */ = {isa = PBXFileReference; fileEncoding = 4; lastKnownFileType = sourcecode.c.h; path = glcontext_eagl.h; sourceTree = "<group>"; };
		748C60291D2BF64A00CD1B8C /* glcontext_eagl.mm */ = {isa = PBXFileReference; fileEncoding = 4; lastKnownFileType = sourcecode.cpp.objcpp; path = glcontext_eagl.mm; sourceTree = "<group>"; };
		748C602A1D2BF64A00CD1B8C /* glcontext_egl.cpp */ = {isa = PBXFileReference; fileEncoding = 4; lastKnownFileType = sourcecode.cpp.cpp; path = glcontext_egl.cpp; sourceTree = "<group>"; };
		748C602B1D2BF64A00CD1B8C /* glcontext_egl.h */ = {isa = PBXFileReference; fileEncoding = 4; lastKnownFileType = sourcecode.c.h; path = glcontext_egl.h; sourceTree = "<group>"; };
		748C602C1D2BF64A00CD1B8C /* glcontext_glx.cpp */ = {isa = PBXFileReference; fileEncoding = 4; lastKnownFileType = sourcecode.cpp.cpp; path = glcontext_glx.cpp; sourceTree = "<group>"; };
		748C602D1D2BF64A00CD1B8C /* glcontext_glx.h */ = {isa = PBXFileReference; fileEncoding = 4; lastKnownFileType = sourcecode.c.h; path = glcontext_glx.h; sourceTree = "<group>"; };
		748C602E1D2BF64A00CD1B8C /* glcontext_nsgl.h */ = {isa = PBXFileReference; fileEncoding = 4; lastKnownFileType = sourcecode.c.h; path = glcontext_nsgl.h; sourceTree = "<group>"; };
		748C602F1D2BF64A00CD1B8C /* glcontext_nsgl.mm */ = {isa = PBXFileReference; fileEncoding = 4; lastKnownFileType = sourcecode.cpp.objcpp; path = glcontext_nsgl.mm; sourceTree = "<group>"; };
		748C60301D2BF64A00CD1B8C /* glcontext_ppapi.cpp */ = {isa = PBXFileReference; fileEncoding = 4; lastKnownFileType = sourcecode.cpp.cpp; path = glcontext_ppapi.cpp; sourceTree = "<group>"; };
		748C60311D2BF64A00CD1B8C /* glcontext_ppapi.h */ = {isa = PBXFileReference; fileEncoding = 4; lastKnownFileType = sourcecode.c.h; path = glcontext_ppapi.h; sourceTree = "<group>"; };
		748C60321D2BF64A00CD1B8C /* glcontext_wgl.cpp */ = {isa = PBXFileReference; fileEncoding = 4; lastKnownFileType = sourcecode.cpp.cpp; path = glcontext_wgl.cpp; sourceTree = "<group>"; };
		748C60331D2BF64A00CD1B8C /* glcontext_wgl.h */ = {isa = PBXFileReference; fileEncoding = 4; lastKnownFileType = sourcecode.c.h; path = glcontext_wgl.h; sourceTree = "<group>"; };
		748C60341D2BF64A00CD1B8C /* glimports.h */ = {isa = PBXFileReference; fileEncoding = 4; lastKnownFileType = sourcecode.c.h; path = glimports.h; sourceTree = "<group>"; };
		748C60391D2BF64A00CD1B8C /* image.cpp */ = {isa = PBXFileReference; fileEncoding = 4; lastKnownFileType = sourcecode.cpp.cpp; path = image.cpp; sourceTree = "<group>"; };
		748C603A1D2BF64A00CD1B8C /* image.h */ = {isa = PBXFileReference; fileEncoding = 4; lastKnownFileType = sourcecode.c.h; path = image.h; sourceTree = "<group>"; };
		748C603C1D2BF64A00CD1B8C /* renderer.h */ = {isa = PBXFileReference; fileEncoding = 4; lastKnownFileType = sourcecode.c.h; path = renderer.h; sourceTree = "<group>"; };
		748C603D1D2BF64A00CD1B8C /* renderer_d3d.h */ = {isa = PBXFileReference; fileEncoding = 4; lastKnownFileType = sourcecode.c.h; path = renderer_d3d.h; sourceTree = "<group>"; };
		748C603E1D2BF64A00CD1B8C /* renderer_d3d11.cpp */ = {isa = PBXFileReference; fileEncoding = 4; lastKnownFileType = sourcecode.cpp.cpp; path = renderer_d3d11.cpp; sourceTree = "<group>"; };
		748C603F1D2BF64A00CD1B8C /* renderer_d3d11.h */ = {isa = PBXFileReference; fileEncoding = 4; lastKnownFileType = sourcecode.c.h; path = renderer_d3d11.h; sourceTree = "<group>"; };
		748C60401D2BF64A00CD1B8C /* renderer_d3d12.cpp */ = {isa = PBXFileReference; fileEncoding = 4; lastKnownFileType = sourcecode.cpp.cpp; path = renderer_d3d12.cpp; sourceTree = "<group>"; };
		748C60411D2BF64A00CD1B8C /* renderer_d3d12.h */ = {isa = PBXFileReference; fileEncoding = 4; lastKnownFileType = sourcecode.c.h; path = renderer_d3d12.h; sourceTree = "<group>"; };
		748C60421D2BF64A00CD1B8C /* renderer_d3d9.cpp */ = {isa = PBXFileReference; fileEncoding = 4; lastKnownFileType = sourcecode.cpp.cpp; path = renderer_d3d9.cpp; sourceTree = "<group>"; };
		748C60431D2BF64A00CD1B8C /* renderer_d3d9.h */ = {isa = PBXFileReference; fileEncoding = 4; lastKnownFileType = sourcecode.c.h; path = renderer_d3d9.h; sourceTree = "<group>"; };
		748C60441D2BF64A00CD1B8C /* renderer_gl.cpp */ = {isa = PBXFileReference; fileEncoding = 4; lastKnownFileType = sourcecode.cpp.cpp; path = renderer_gl.cpp; sourceTree = "<group>"; };
		748C60451D2BF64A00CD1B8C /* renderer_gl.h */ = {isa = PBXFileReference; fileEncoding = 4; lastKnownFileType = sourcecode.c.h; path = renderer_gl.h; sourceTree = "<group>"; };
		748C60461D2BF64A00CD1B8C /* renderer_mtl.h */ = {isa = PBXFileReference; fileEncoding = 4; lastKnownFileType = sourcecode.c.h; path = renderer_mtl.h; sourceTree = "<group>"; };
		748C60471D2BF64A00CD1B8C /* renderer_mtl.mm */ = {isa = PBXFileReference; fileEncoding = 4; lastKnownFileType = sourcecode.cpp.objcpp; path = renderer_mtl.mm; sourceTree = "<group>"; };
		748C60481D2BF64A00CD1B8C /* renderer_null.cpp */ = {isa = PBXFileReference; fileEncoding = 4; lastKnownFileType = sourcecode.cpp.cpp; path = renderer_null.cpp; sourceTree = "<group>"; };
		748C60491D2BF64A00CD1B8C /* renderer_vk.cpp */ = {isa = PBXFileReference; fileEncoding = 4; lastKnownFileType = sourcecode.cpp.cpp; path = renderer_vk.cpp; sourceTree = "<group>"; };
		748C604A1D2BF64A00CD1B8C /* shader.cpp */ = {isa = PBXFileReference; fileEncoding = 4; lastKnownFileType = sourcecode.cpp.cpp; path = shader.cpp; sourceTree = "<group>"; };
		748C604B1D2BF64A00CD1B8C /* shader.h */ = {isa = PBXFileReference; fileEncoding = 4; lastKnownFileType = sourcecode.c.h; path = shader.h; sourceTree = "<group>"; };
		748C604C1D2BF64A00CD1B8C /* shader_dx9bc.cpp */ = {isa = PBXFileReference; fileEncoding = 4; lastKnownFileType = sourcecode.cpp.cpp; path = shader_dx9bc.cpp; sourceTree = "<group>"; };
		748C604D1D2BF64A00CD1B8C /* shader_dx9bc.h */ = {isa = PBXFileReference; fileEncoding = 4; lastKnownFileType = sourcecode.c.h; path = shader_dx9bc.h; sourceTree = "<group>"; };
		748C604E1D2BF64A00CD1B8C /* shader_dxbc.cpp */ = {isa = PBXFileReference; fileEncoding = 4; lastKnownFileType = sourcecode.cpp.cpp; path = shader_dxbc.cpp; sourceTree = "<group>"; };
		748C604F1D2BF64A00CD1B8C /* shader_dxbc.h */ = {isa = PBXFileReference; fileEncoding = 4; lastKnownFileType = sourcecode.c.h; path = shader_dxbc.h; sourceTree = "<group>"; };
		748C60501D2BF64A00CD1B8C /* shader_spirv.cpp */ = {isa = PBXFileReference; fileEncoding = 4; lastKnownFileType = sourcecode.cpp.cpp; path = shader_spirv.cpp; sourceTree = "<group>"; };
		748C60511D2BF64A00CD1B8C /* shader_spirv.h */ = {isa = PBXFileReference; fileEncoding = 4; lastKnownFileType = sourcecode.c.h; path = shader_spirv.h; sourceTree = "<group>"; };
		748C60521D2BF64A00CD1B8C /* topology.cpp */ = {isa = PBXFileReference; fileEncoding = 4; lastKnownFileType = sourcecode.cpp.cpp; path = topology.cpp; sourceTree = "<group>"; };
		748C60531D2BF64A00CD1B8C /* topology.h */ = {isa = PBXFileReference; fileEncoding = 4; lastKnownFileType = sourcecode.c.h; path = topology.h; sourceTree = "<group>"; };
		748C60541D2BF64A00CD1B8C /* varying.def.sc */ = {isa = PBXFileReference; fileEncoding = 4; lastKnownFileType = text; path = varying.def.sc; sourceTree = "<group>"; };
		748C60551D2BF64A00CD1B8C /* vertexdecl.cpp */ = {isa = PBXFileReference; fileEncoding = 4; lastKnownFileType = sourcecode.cpp.cpp; path = vertexdecl.cpp; sourceTree = "<group>"; };
		748C60561D2BF64A00CD1B8C /* vertexdecl.h */ = {isa = PBXFileReference; fileEncoding = 4; lastKnownFileType = sourcecode.c.h; path = vertexdecl.h; sourceTree = "<group>"; };
		748C60571D2BF64A00CD1B8C /* vs_clear.bin.h */ = {isa = PBXFileReference; fileEncoding = 4; lastKnownFileType = sourcecode.c.h; path = vs_clear.bin.h; sourceTree = "<group>"; };
		748C60581D2BF64A00CD1B8C /* vs_clear.sc */ = {isa = PBXFileReference; fileEncoding = 4; lastKnownFileType = text; path = vs_clear.sc; sourceTree = "<group>"; };
		748C60591D2BF64A00CD1B8C /* vs_debugfont.bin.h */ = {isa = PBXFileReference; fileEncoding = 4; lastKnownFileType = sourcecode.c.h; path = vs_debugfont.bin.h; sourceTree = "<group>"; };
		748C605A1D2BF64A00CD1B8C /* vs_debugfont.sc */ = {isa = PBXFileReference; fileEncoding = 4; lastKnownFileType = text; path = vs_debugfont.sc; sourceTree = "<group>"; };
		748C60881D2BF87E00CD1B8C /* allocator.h */ = {isa = PBXFileReference; fileEncoding = 4; lastKnownFileType = sourcecode.c.h; path = allocator.h; sourceTree = "<group>"; };
		748C60891D2BF87E00CD1B8C /* bx.h */ = {isa = PBXFileReference; fileEncoding = 4; lastKnownFileType = sourcecode.c.h; path = bx.h; sourceTree = "<group>"; };
		748C608A1D2BF87E00CD1B8C /* cl.h */ = {isa = PBXFileReference; fileEncoding = 4; lastKnownFileType = sourcecode.c.h; path = cl.h; sourceTree = "<group>"; };
		748C608B1D2BF87E00CD1B8C /* commandline.h */ = {isa = PBXFileReference; fileEncoding = 4; lastKnownFileType = sourcecode.c.h; path = commandline.h; sourceTree = "<group>"; };
		748C608C1D2BF87E00CD1B8C /* config.h */ = {isa = PBXFileReference; fileEncoding = 4; lastKnownFileType = sourcecode.c.h; path = config.h; sourceTree = "<group>"; };
		748C608D1D2BF87E00CD1B8C /* cpu.h */ = {isa = PBXFileReference; fileEncoding = 4; lastKnownFileType = sourcecode.c.h; path = cpu.h; sourceTree = "<group>"; };
		748C608E1D2BF87E00CD1B8C /* crtimpl.h */ = {isa = PBXFileReference; fileEncoding = 4; lastKnownFileType = sourcecode.c.h; path = crtimpl.h; sourceTree = "<group>"; };
		748C608F1D2BF87E00CD1B8C /* debug.h */ = {isa = PBXFileReference; fileEncoding = 4; lastKnownFileType = sourcecode.c.h; path = debug.h; sourceTree = "<group>"; };
		748C60901D2BF87E00CD1B8C /* endian.h */ = {isa = PBXFileReference; fileEncoding = 4; lastKnownFileType = sourcecode.c.h; path = endian.h; sourceTree = "<group>"; };
		748C60911D2BF87E00CD1B8C /* error.h */ = {isa = PBXFileReference; fileEncoding = 4; lastKnownFileType = sourcecode.c.h; path = error.h; sourceTree = "<group>"; };
		748C60921D2BF87E00CD1B8C /* float4_langext.h */ = {isa = PBXFileReference; fileEncoding = 4; lastKnownFileType = sourcecode.c.h; path = float4_langext.h; sourceTree = "<group>"; };
		748C60931D2BF87E00CD1B8C /* float4_neon.h */ = {isa = PBXFileReference; fileEncoding = 4; lastKnownFileType = sourcecode.c.h; path = float4_neon.h; sourceTree = "<group>"; };
		748C60941D2BF87E00CD1B8C /* float4_ni.h */ = {isa = PBXFileReference; fileEncoding = 4; lastKnownFileType = sourcecode.c.h; path = float4_ni.h; sourceTree = "<group>"; };
		748C60951D2BF87E00CD1B8C /* float4_ref.h */ = {isa = PBXFileReference; fileEncoding = 4; lastKnownFileType = sourcecode.c.h; path = float4_ref.h; sourceTree = "<group>"; };
		748C60961D2BF87E00CD1B8C /* float4_sse.h */ = {isa = PBXFileReference; fileEncoding = 4; lastKnownFileType = sourcecode.c.h; path = float4_sse.h; sourceTree = "<group>"; };
		748C60971D2BF87E00CD1B8C /* float4_swizzle.inl */ = {isa = PBXFileReference; fileEncoding = 4; lastKnownFileType = text; path = float4_swizzle.inl; sourceTree = "<group>"; };
		748C60981D2BF87E00CD1B8C /* float4_t.h */ = {isa = PBXFileReference; fileEncoding = 4; lastKnownFileType = sourcecode.c.h; path = float4_t.h; sourceTree = "<group>"; };
		748C60991D2BF87E00CD1B8C /* float4x4_t.h */ = {isa = PBXFileReference; fileEncoding = 4; lastKnownFileType = sourcecode.c.h; path = float4x4_t.h; sourceTree = "<group>"; };
		748C609A1D2BF87E00CD1B8C /* foreach.h */ = {isa = PBXFileReference; fileEncoding = 4; lastKnownFileType = sourcecode.c.h; path = foreach.h; sourceTree = "<group>"; };
		748C609B1D2BF87E00CD1B8C /* fpumath.h */ = {isa = PBXFileReference; fileEncoding = 4; lastKnownFileType = sourcecode.c.h; path = fpumath.h; sourceTree = "<group>"; };
		748C609C1D2BF87E00CD1B8C /* handlealloc.h */ = {isa = PBXFileReference; fileEncoding = 4; lastKnownFileType = sourcecode.c.h; path = handlealloc.h; sourceTree = "<group>"; };
		748C609D1D2BF87E00CD1B8C /* hash.h */ = {isa = PBXFileReference; fileEncoding = 4; lastKnownFileType = sourcecode.c.h; path = hash.h; sourceTree = "<group>"; };
		748C609E1D2BF87E00CD1B8C /* macros.h */ = {isa = PBXFileReference; fileEncoding = 4; lastKnownFileType = sourcecode.c.h; path = macros.h; sourceTree = "<group>"; };
		748C609F1D2BF87E00CD1B8C /* maputil.h */ = {isa = PBXFileReference; fileEncoding = 4; lastKnownFileType = sourcecode.c.h; path = maputil.h; sourceTree = "<group>"; };
		748C60A01D2BF87E00CD1B8C /* mpscqueue.h */ = {isa = PBXFileReference; fileEncoding = 4; lastKnownFileType = sourcecode.c.h; path = mpscqueue.h; sourceTree = "<group>"; };
		748C60A11D2BF87E00CD1B8C /* mutex.h */ = {isa = PBXFileReference; fileEncoding = 4; lastKnownFileType = sourcecode.c.h; path = mutex.h; sourceTree = "<group>"; };
		748C60A21D2BF87E00CD1B8C /* os.h */ = {isa = PBXFileReference; fileEncoding = 4; lastKnownFileType = sourcecode.c.h; path = os.h; sourceTree = "<group>"; };
		748C60A31D2BF87E00CD1B8C /* platform.h */ = {isa = PBXFileReference; fileEncoding = 4; lastKnownFileType = sourcecode.c.h; path = platform.h; sourceTree = "<group>"; };
		748C60A41D2BF87E00CD1B8C /* process.h */ = {isa = PBXFileReference; fileEncoding = 4; lastKnownFileType = sourcecode.c.h; path = process.h; sourceTree = "<group>"; };
		748C60A51D2BF87E00CD1B8C /* radixsort.h */ = {isa = PBXFileReference; fileEncoding = 4; lastKnownFileType = sourcecode.c.h; path = radixsort.h; sourceTree = "<group>"; };
		748C60A61D2BF87E00CD1B8C /* readerwriter.h */ = {isa = PBXFileReference; fileEncoding = 4; lastKnownFileType = sourcecode.c.h; path = readerwriter.h; sourceTree = "<group>"; };
		748C60A71D2BF87E00CD1B8C /* ringbuffer.h */ = {isa = PBXFileReference; fileEncoding = 4; lastKnownFileType = sourcecode.c.h; path = ringbuffer.h; sourceTree = "<group>"; };
		748C60A81D2BF87E00CD1B8C /* rng.h */ = {isa = PBXFileReference; fileEncoding = 4; lastKnownFileType = sourcecode.c.h; path = rng.h; sourceTree = "<group>"; };
		748C60A91D2BF87E00CD1B8C /* sem.h */ = {isa = PBXFileReference; fileEncoding = 4; lastKnownFileType = sourcecode.c.h; path = sem.h; sourceTree = "<group>"; };
		748C60AA1D2BF87E00CD1B8C /* spscqueue.h */ = {isa = PBXFileReference; fileEncoding = 4; lastKnownFileType = sourcecode.c.h; path = spscqueue.h; sourceTree = "<group>"; };
		748C60AB1D2BF87E00CD1B8C /* string.h */ = {isa = PBXFileReference; fileEncoding = 4; lastKnownFileType = sourcecode.c.h; path = string.h; sourceTree = "<group>"; };
		748C60AC1D2BF87E00CD1B8C /* thread.h */ = {isa = PBXFileReference; fileEncoding = 4; lastKnownFileType = sourcecode.c.h; path = thread.h; sourceTree = "<group>"; };
		748C60AD1D2BF87E00CD1B8C /* timer.h */ = {isa = PBXFileReference; fileEncoding = 4; lastKnownFileType = sourcecode.c.h; path = timer.h; sourceTree = "<group>"; };
		748C60AE1D2BF87E00CD1B8C /* tokenizecmd.h */ = {isa = PBXFileReference; fileEncoding = 4; lastKnownFileType = sourcecode.c.h; path = tokenizecmd.h; sourceTree = "<group>"; };
		748C60AF1D2BF87E00CD1B8C /* uint32_t.h */ = {isa = PBXFileReference; fileEncoding = 4; lastKnownFileType = sourcecode.c.h; path = uint32_t.h; sourceTree = "<group>"; };
		748C60B21D2BF87E00CD1B8C /* alloca.h */ = {isa = PBXFileReference; fileEncoding = 4; lastKnownFileType = sourcecode.c.h; path = alloca.h; sourceTree = "<group>"; };
		748C60B31D2BF87E00CD1B8C /* malloc.h */ = {isa = PBXFileReference; fileEncoding = 4; lastKnownFileType = sourcecode.c.h; path = malloc.h; sourceTree = "<group>"; };
		748C60B41D2BF87E00CD1B8C /* signal.h */ = {isa = PBXFileReference; fileEncoding = 4; lastKnownFileType = sourcecode.c.h; path = signal.h; sourceTree = "<group>"; };
		748C60B61D2BF87E00CD1B8C /* malloc.h */ = {isa = PBXFileReference; fileEncoding = 4; lastKnownFileType = sourcecode.c.h; path = malloc.h; sourceTree = "<group>"; };
		748C60B81D2BF87E00CD1B8C /* alloca.h */ = {isa = PBXFileReference; fileEncoding = 4; lastKnownFileType = sourcecode.c.h; path = alloca.h; sourceTree = "<group>"; };
		748C60B91D2BF87E00CD1B8C /* dirent.h */ = {isa = PBXFileReference; fileEncoding = 4; lastKnownFileType = sourcecode.c.h; path = dirent.h; sourceTree = "<group>"; };
		748C60BA1D2BF87E00CD1B8C /* sal.h */ = {isa = PBXFileReference; fileEncoding = 4; lastKnownFileType = sourcecode.c.h; path = sal.h; sourceTree = "<group>"; };
		748C60BB1D2BF87E00CD1B8C /* specstrings_strict.h */ = {isa = PBXFileReference; fileEncoding = 4; lastKnownFileType = sourcecode.c.h; path = specstrings_strict.h; sourceTree = "<group>"; };
		748C60BC1D2BF87E00CD1B8C /* specstrings_undef.h */ = {isa = PBXFileReference; fileEncoding = 4; lastKnownFileType = sourcecode.c.h; path = specstrings_undef.h; sourceTree = "<group>"; };
		748C60BE1D2BF87E00CD1B8C /* alloca.h */ = {isa = PBXFileReference; fileEncoding = 4; lastKnownFileType = sourcecode.c.h; path = alloca.h; sourceTree = "<group>"; };
		748C60BF1D2BF87E00CD1B8C /* dirent.h */ = {isa = PBXFileReference; fileEncoding = 4; lastKnownFileType = sourcecode.c.h; path = dirent.h; sourceTree = "<group>"; };
		748C60C01D2BF87E00CD1B8C /* inttypes.h */ = {isa = PBXFileReference; fileEncoding = 4; lastKnownFileType = sourcecode.c.h; path = inttypes.h; sourceTree = "<group>"; };
		748C60C21D2BF87E00CD1B8C /* stdint.h */ = {isa = PBXFileReference; fileEncoding = 4; lastKnownFileType = sourcecode.c.h; path = stdint.h; sourceTree = "<group>"; };
		748C60C31D2BF87E00CD1B8C /* stdbool.h */ = {isa = PBXFileReference; fileEncoding = 4; lastKnownFileType = sourcecode.c.h; path = stdbool.h; sourceTree = "<group>"; };
		748C60C51D2BF87E00CD1B8C /* memory.h */ = {isa = PBXFileReference; fileEncoding = 4; lastKnownFileType = sourcecode.c.h; path = memory.h; sourceTree = "<group>"; };
		748C60C71D2BF87E00CD1B8C /* malloc.h */ = {isa = PBXFileReference; fileEncoding = 4; lastKnownFileType = sourcecode.c.h; path = malloc.h; sourceTree = "<group>"; };
		748C60C91D2BF87E00CD1B8C /* allocator.h */ = {isa = PBXFileReference; fileEncoding = 4; lastKnownFileType = sourcecode.c.h; path = allocator.h; sourceTree = "<group>"; };
		748C60CA1D2BF87E00CD1B8C /* buffer.h */ = {isa = PBXFileReference; fileEncoding = 4; lastKnownFileType = sourcecode.c.h; path = buffer.h; sourceTree = "<group>"; };
		748C60CB1D2BF87E00CD1B8C /* hash.h */ = {isa = PBXFileReference; fileEncoding = 4; lastKnownFileType = sourcecode.c.h; path = hash.h; sourceTree = "<group>"; };
		748C60CC1D2BF87E00CD1B8C /* hash_base.h */ = {isa = PBXFileReference; fileEncoding = 4; lastKnownFileType = sourcecode.c.h; path = hash_base.h; sourceTree = "<group>"; };
		748C60CD1D2BF87E00CD1B8C /* LICENSE */ = {isa = PBXFileReference; fileEncoding = 4; lastKnownFileType = text; path = LICENSE; sourceTree = "<group>"; };
		748C60CE1D2BF87E00CD1B8C /* new.h */ = {isa = PBXFileReference; fileEncoding = 4; lastKnownFileType = sourcecode.c.h; path = new.h; sourceTree = "<group>"; };
		748C60CF1D2BF87E00CD1B8C /* stddef.h */ = {isa = PBXFileReference; fileEncoding = 4; lastKnownFileType = sourcecode.c.h; path = stddef.h; sourceTree = "<group>"; };
		748C60D01D2BF87E00CD1B8C /* string.h */ = {isa = PBXFileReference; fileEncoding = 4; lastKnownFileType = sourcecode.c.h; path = string.h; sourceTree = "<group>"; };
		748C60D11D2BF87E00CD1B8C /* traits.h */ = {isa = PBXFileReference; fileEncoding = 4; lastKnownFileType = sourcecode.c.h; path = traits.h; sourceTree = "<group>"; };
		748C60D21D2BF87E00CD1B8C /* unordered_map.h */ = {isa = PBXFileReference; fileEncoding = 4; lastKnownFileType = sourcecode.c.h; path = unordered_map.h; sourceTree = "<group>"; };
		748C60D31D2BF87E00CD1B8C /* unordered_set.h */ = {isa = PBXFileReference; fileEncoding = 4; lastKnownFileType = sourcecode.c.h; path = unordered_set.h; sourceTree = "<group>"; };
		748C60D41D2BF87E00CD1B8C /* vector.h */ = {isa = PBXFileReference; fileEncoding = 4; lastKnownFileType = sourcecode.c.h; path = vector.h; sourceTree = "<group>"; };
		748C60D81D2BFE2000CD1B8C /* glcorearb.h */ = {isa = PBXFileReference; fileEncoding = 4; lastKnownFileType = sourcecode.c.h; path = glcorearb.h; sourceTree = "<group>"; };
		748C60D91D2BFE2000CD1B8C /* glext.h */ = {isa = PBXFileReference; fileEncoding = 4; lastKnownFileType = sourcecode.c.h; path = glext.h; sourceTree = "<group>"; };
		748C60DA1D2BFE2000CD1B8C /* GRemedyGLExtensions.h */ = {isa = PBXFileReference; fileEncoding = 4; lastKnownFileType = sourcecode.c.h; path = GRemedyGLExtensions.h; sourceTree = "<group>"; };
		8D1107320486CEB800E47090 /* CinderBgfx.app */ = {isa = PBXFileReference; explicitFileType = wrapper.application; includeInIndex = 0; path = CinderBgfx.app; sourceTree = BUILT_PRODUCTS_DIR; };
		FD304C9BA7294C58A0337066 /* CinderBgfx_Prefix.pch */ = {isa = PBXFileReference; lastKnownFileType = "\"\""; path = CinderBgfx_Prefix.pch; sourceTree = "<group>"; };
/* End PBXFileReference section */

/* Begin PBXFrameworksBuildPhase section */
		8D11072E0486CEB800E47090 /* Frameworks */ = {
			isa = PBXFrameworksBuildPhase;
			buildActionMask = 2147483647;
			files = (
				006D720419952D00008149E2 /* AVFoundation.framework in Frameworks */,
				006D720519952D00008149E2 /* CoreMedia.framework in Frameworks */,
				8D11072F0486CEB800E47090 /* Cocoa.framework in Frameworks */,
				0091D8F90E81B9330029341E /* OpenGL.framework in Frameworks */,
				5323E6B20EAFCA74003A9687 /* CoreVideo.framework in Frameworks */,
				00B784B30FF439BC000DE1D7 /* Accelerate.framework in Frameworks */,
				00B784B40FF439BC000DE1D7 /* AudioToolbox.framework in Frameworks */,
				00B784B50FF439BC000DE1D7 /* AudioUnit.framework in Frameworks */,
				00B784B60FF439BC000DE1D7 /* CoreAudio.framework in Frameworks */,
				00B9955A1B128DF400A5C623 /* IOKit.framework in Frameworks */,
				00B9955B1B128DF400A5C623 /* IOSurface.framework in Frameworks */,
			);
			runOnlyForDeploymentPostprocessing = 0;
		};
/* End PBXFrameworksBuildPhase section */

/* Begin PBXGroup section */
		01B97315FEAEA392516A2CEA /* Blocks */ = {
			isa = PBXGroup;
			children = (
				748C5FB51D2BF64A00CD1B8C /* bgfx */,
			);
			name = Blocks;
			sourceTree = "<group>";
		};
		080E96DDFE201D6D7F000001 /* Source */ = {
			isa = PBXGroup;
			children = (
				4E1E9D16B1604A839BF33396 /* CinderBgfxApp.cpp */,
			);
			name = Source;
			sourceTree = "<group>";
		};
		1058C7A0FEA54F0111CA2CBB /* Linked Frameworks */ = {
			isa = PBXGroup;
			children = (
				006D720219952D00008149E2 /* AVFoundation.framework */,
				006D720319952D00008149E2 /* CoreMedia.framework */,
				00B784AF0FF439BC000DE1D7 /* Accelerate.framework */,
				00B784B00FF439BC000DE1D7 /* AudioToolbox.framework */,
				00B784B10FF439BC000DE1D7 /* AudioUnit.framework */,
				00B784B20FF439BC000DE1D7 /* CoreAudio.framework */,
				5323E6B10EAFCA74003A9687 /* CoreVideo.framework */,
				0091D8F80E81B9330029341E /* OpenGL.framework */,
				1058C7A1FEA54F0111CA2CBB /* Cocoa.framework */,
				00B995581B128DF400A5C623 /* IOKit.framework */,
				00B995591B128DF400A5C623 /* IOSurface.framework */,
			);
			name = "Linked Frameworks";
			sourceTree = "<group>";
		};
		1058C7A2FEA54F0111CA2CBB /* Other Frameworks */ = {
			isa = PBXGroup;
			children = (
				29B97324FDCFA39411CA2CEA /* AppKit.framework */,
				29B97325FDCFA39411CA2CEA /* Foundation.framework */,
			);
			name = "Other Frameworks";
			sourceTree = "<group>";
		};
		19C28FACFE9D520D11CA2CBB /* Products */ = {
			isa = PBXGroup;
			children = (
				8D1107320486CEB800E47090 /* CinderBgfx.app */,
			);
			name = Products;
			sourceTree = "<group>";
		};
		29B97314FDCFA39411CA2CEA /* CinderBgfx */ = {
			isa = PBXGroup;
			children = (
				01B97315FEAEA392516A2CEA /* Blocks */,
				29B97315FDCFA39411CA2CEA /* Headers */,
				080E96DDFE201D6D7F000001 /* Source */,
				29B97317FDCFA39411CA2CEA /* Resources */,
				29B97323FDCFA39411CA2CEA /* Frameworks */,
				19C28FACFE9D520D11CA2CBB /* Products */,
			);
			name = CinderBgfx;
			sourceTree = "<group>";
		};
		29B97315FDCFA39411CA2CEA /* Headers */ = {
			isa = PBXGroup;
			children = (
				517895A22510478786139C18 /* Resources.h */,
				FD304C9BA7294C58A0337066 /* CinderBgfx_Prefix.pch */,
			);
			name = Headers;
			sourceTree = "<group>";
		};
		29B97317FDCFA39411CA2CEA /* Resources */ = {
			isa = PBXGroup;
			children = (
				05DE97544EC94B1A835BFBE9 /* CinderApp.icns */,
				5AB28A242A4B41A89977492E /* Info.plist */,
			);
			name = Resources;
			sourceTree = "<group>";
		};
		29B97323FDCFA39411CA2CEA /* Frameworks */ = {
			isa = PBXGroup;
			children = (
				1058C7A0FEA54F0111CA2CBB /* Linked Frameworks */,
				1058C7A2FEA54F0111CA2CBB /* Other Frameworks */,
			);
			name = Frameworks;
			sourceTree = "<group>";
		};
		748C5FB51D2BF64A00CD1B8C /* bgfx */ = {
			isa = PBXGroup;
			children = (
				748C5FB61D2BF64A00CD1B8C /* include */,
				748C600B1D2BF64A00CD1B8C /* src */,
			);
			name = bgfx;
			path = ../bgfx;
			sourceTree = "<group>";
		};
		748C5FB61D2BF64A00CD1B8C /* include */ = {
			isa = PBXGroup;
			children = (
				748C60D71D2BFE2000CD1B8C /* gl */,
				748C60871D2BF87E00CD1B8C /* bx */,
				748C60B01D2BF87E00CD1B8C /* compat */,
				748C60C81D2BF87E00CD1B8C /* tinystl */,
				748C5FB71D2BF64A00CD1B8C /* bgfx */,
			);
			path = include;
			sourceTree = "<group>";
		};
		748C5FB71D2BF64A00CD1B8C /* bgfx */ = {
			isa = PBXGroup;
			children = (
				748C5FB81D2BF64A00CD1B8C /* bgfx.h */,
				748C5FB91D2BF64A00CD1B8C /* bgfxdefines.h */,
				748C5FBA1D2BF64A00CD1B8C /* bgfxplatform.h */,
				748C5FBB1D2BF64A00CD1B8C /* c99 */,
			);
			path = bgfx;
			sourceTree = "<group>";
		};
		748C5FBB1D2BF64A00CD1B8C /* c99 */ = {
			isa = PBXGroup;
			children = (
				748C5FBC1D2BF64A00CD1B8C /* bgfx.h */,
				748C5FBD1D2BF64A00CD1B8C /* bgfxplatform.h */,
			);
			path = c99;
			sourceTree = "<group>";
		};
		748C600B1D2BF64A00CD1B8C /* src */ = {
			isa = PBXGroup;
			children = (
				748C600E1D2BF64A00CD1B8C /* bgfx.cpp */,
				748C600F1D2BF64A00CD1B8C /* bgfx_compute.sh */,
				748C60101D2BF64A00CD1B8C /* bgfx_p.h */,
				748C60111D2BF64A00CD1B8C /* bgfx_shader.sh */,
				748C60121D2BF64A00CD1B8C /* charset.h */,
				748C60131D2BF64A00CD1B8C /* config.h */,
				748C60141D2BF64A00CD1B8C /* debug_renderdoc.cpp */,
				748C60151D2BF64A00CD1B8C /* debug_renderdoc.h */,
				748C60161D2BF64A00CD1B8C /* fs_clear0.bin.h */,
				748C60171D2BF64A00CD1B8C /* fs_clear0.sc */,
				748C60181D2BF64A00CD1B8C /* fs_clear1.bin.h */,
				748C60191D2BF64A00CD1B8C /* fs_clear1.sc */,
				748C601A1D2BF64A00CD1B8C /* fs_clear2.bin.h */,
				748C601B1D2BF64A00CD1B8C /* fs_clear2.sc */,
				748C601C1D2BF64A00CD1B8C /* fs_clear3.bin.h */,
				748C601D1D2BF64A00CD1B8C /* fs_clear3.sc */,
				748C601E1D2BF64A00CD1B8C /* fs_clear4.bin.h */,
				748C601F1D2BF64A00CD1B8C /* fs_clear4.sc */,
				748C60201D2BF64A00CD1B8C /* fs_clear5.bin.h */,
				748C60211D2BF64A00CD1B8C /* fs_clear5.sc */,
				748C60221D2BF64A00CD1B8C /* fs_clear6.bin.h */,
				748C60231D2BF64A00CD1B8C /* fs_clear6.sc */,
				748C60241D2BF64A00CD1B8C /* fs_clear7.bin.h */,
				748C60251D2BF64A00CD1B8C /* fs_clear7.sc */,
				748C60261D2BF64A00CD1B8C /* fs_debugfont.bin.h */,
				748C60271D2BF64A00CD1B8C /* fs_debugfont.sc */,
				748C60281D2BF64A00CD1B8C /* glcontext_eagl.h */,
				748C60291D2BF64A00CD1B8C /* glcontext_eagl.mm */,
				748C602A1D2BF64A00CD1B8C /* glcontext_egl.cpp */,
				748C602B1D2BF64A00CD1B8C /* glcontext_egl.h */,
				748C602C1D2BF64A00CD1B8C /* glcontext_glx.cpp */,
				748C602D1D2BF64A00CD1B8C /* glcontext_glx.h */,
				748C602E1D2BF64A00CD1B8C /* glcontext_nsgl.h */,
				748C602F1D2BF64A00CD1B8C /* glcontext_nsgl.mm */,
				748C60301D2BF64A00CD1B8C /* glcontext_ppapi.cpp */,
				748C60311D2BF64A00CD1B8C /* glcontext_ppapi.h */,
				748C60321D2BF64A00CD1B8C /* glcontext_wgl.cpp */,
				748C60331D2BF64A00CD1B8C /* glcontext_wgl.h */,
				748C60341D2BF64A00CD1B8C /* glimports.h */,
				748C60391D2BF64A00CD1B8C /* image.cpp */,
				748C603A1D2BF64A00CD1B8C /* image.h */,
				748C603C1D2BF64A00CD1B8C /* renderer.h */,
				748C603D1D2BF64A00CD1B8C /* renderer_d3d.h */,
				748C603E1D2BF64A00CD1B8C /* renderer_d3d11.cpp */,
				748C603F1D2BF64A00CD1B8C /* renderer_d3d11.h */,
				748C60401D2BF64A00CD1B8C /* renderer_d3d12.cpp */,
				748C60411D2BF64A00CD1B8C /* renderer_d3d12.h */,
				748C60421D2BF64A00CD1B8C /* renderer_d3d9.cpp */,
				748C60431D2BF64A00CD1B8C /* renderer_d3d9.h */,
				748C60441D2BF64A00CD1B8C /* renderer_gl.cpp */,
				748C60451D2BF64A00CD1B8C /* renderer_gl.h */,
				748C60461D2BF64A00CD1B8C /* renderer_mtl.h */,
				748C60471D2BF64A00CD1B8C /* renderer_mtl.mm */,
				748C60481D2BF64A00CD1B8C /* renderer_null.cpp */,
				748C60491D2BF64A00CD1B8C /* renderer_vk.cpp */,
				748C604A1D2BF64A00CD1B8C /* shader.cpp */,
				748C604B1D2BF64A00CD1B8C /* shader.h */,
				748C604C1D2BF64A00CD1B8C /* shader_dx9bc.cpp */,
				748C604D1D2BF64A00CD1B8C /* shader_dx9bc.h */,
				748C604E1D2BF64A00CD1B8C /* shader_dxbc.cpp */,
				748C604F1D2BF64A00CD1B8C /* shader_dxbc.h */,
				748C60501D2BF64A00CD1B8C /* shader_spirv.cpp */,
				748C60511D2BF64A00CD1B8C /* shader_spirv.h */,
				748C60521D2BF64A00CD1B8C /* topology.cpp */,
				748C60531D2BF64A00CD1B8C /* topology.h */,
				748C60541D2BF64A00CD1B8C /* varying.def.sc */,
				748C60551D2BF64A00CD1B8C /* vertexdecl.cpp */,
				748C60561D2BF64A00CD1B8C /* vertexdecl.h */,
				748C60571D2BF64A00CD1B8C /* vs_clear.bin.h */,
				748C60581D2BF64A00CD1B8C /* vs_clear.sc */,
				748C60591D2BF64A00CD1B8C /* vs_debugfont.bin.h */,
				748C605A1D2BF64A00CD1B8C /* vs_debugfont.sc */,
			);
			path = src;
			sourceTree = "<group>";
		};
		748C60871D2BF87E00CD1B8C /* bx */ = {
			isa = PBXGroup;
			children = (
				748C60881D2BF87E00CD1B8C /* allocator.h */,
				748C60891D2BF87E00CD1B8C /* bx.h */,
				748C608A1D2BF87E00CD1B8C /* cl.h */,
				748C608B1D2BF87E00CD1B8C /* commandline.h */,
				748C608C1D2BF87E00CD1B8C /* config.h */,
				748C608D1D2BF87E00CD1B8C /* cpu.h */,
				748C608E1D2BF87E00CD1B8C /* crtimpl.h */,
				748C608F1D2BF87E00CD1B8C /* debug.h */,
				748C60901D2BF87E00CD1B8C /* endian.h */,
				748C60911D2BF87E00CD1B8C /* error.h */,
				748C60921D2BF87E00CD1B8C /* float4_langext.h */,
				748C60931D2BF87E00CD1B8C /* float4_neon.h */,
				748C60941D2BF87E00CD1B8C /* float4_ni.h */,
				748C60951D2BF87E00CD1B8C /* float4_ref.h */,
				748C60961D2BF87E00CD1B8C /* float4_sse.h */,
				748C60971D2BF87E00CD1B8C /* float4_swizzle.inl */,
				748C60981D2BF87E00CD1B8C /* float4_t.h */,
				748C60991D2BF87E00CD1B8C /* float4x4_t.h */,
				748C609A1D2BF87E00CD1B8C /* foreach.h */,
				748C609B1D2BF87E00CD1B8C /* fpumath.h */,
				748C609C1D2BF87E00CD1B8C /* handlealloc.h */,
				748C609D1D2BF87E00CD1B8C /* hash.h */,
				748C609E1D2BF87E00CD1B8C /* macros.h */,
				748C609F1D2BF87E00CD1B8C /* maputil.h */,
				748C60A01D2BF87E00CD1B8C /* mpscqueue.h */,
				748C60A11D2BF87E00CD1B8C /* mutex.h */,
				748C60A21D2BF87E00CD1B8C /* os.h */,
				748C60A31D2BF87E00CD1B8C /* platform.h */,
				748C60A41D2BF87E00CD1B8C /* process.h */,
				748C60A51D2BF87E00CD1B8C /* radixsort.h */,
				748C60A61D2BF87E00CD1B8C /* readerwriter.h */,
				748C60A71D2BF87E00CD1B8C /* ringbuffer.h */,
				748C60A81D2BF87E00CD1B8C /* rng.h */,
				748C60A91D2BF87E00CD1B8C /* sem.h */,
				748C60AA1D2BF87E00CD1B8C /* spscqueue.h */,
				748C60AB1D2BF87E00CD1B8C /* string.h */,
				748C60AC1D2BF87E00CD1B8C /* thread.h */,
				748C60AD1D2BF87E00CD1B8C /* timer.h */,
				748C60AE1D2BF87E00CD1B8C /* tokenizecmd.h */,
				748C60AF1D2BF87E00CD1B8C /* uint32_t.h */,
			);
			path = bx;
			sourceTree = "<group>";
		};
		748C60B01D2BF87E00CD1B8C /* compat */ = {
			isa = PBXGroup;
			children = (
				748C60B11D2BF87E00CD1B8C /* freebsd */,
				748C60B51D2BF87E00CD1B8C /* ios */,
				748C60B71D2BF87E00CD1B8C /* mingw */,
				748C60BD1D2BF87E00CD1B8C /* msvc */,
				748C60C41D2BF87E00CD1B8C /* nacl */,
				748C60C61D2BF87E00CD1B8C /* osx */,
			);
			path = compat;
			sourceTree = "<group>";
		};
		748C60B11D2BF87E00CD1B8C /* freebsd */ = {
			isa = PBXGroup;
			children = (
				748C60B21D2BF87E00CD1B8C /* alloca.h */,
				748C60B31D2BF87E00CD1B8C /* malloc.h */,
				748C60B41D2BF87E00CD1B8C /* signal.h */,
			);
			path = freebsd;
			sourceTree = "<group>";
		};
		748C60B51D2BF87E00CD1B8C /* ios */ = {
			isa = PBXGroup;
			children = (
				748C60B61D2BF87E00CD1B8C /* malloc.h */,
			);
			path = ios;
			sourceTree = "<group>";
		};
		748C60B71D2BF87E00CD1B8C /* mingw */ = {
			isa = PBXGroup;
			children = (
				748C60B81D2BF87E00CD1B8C /* alloca.h */,
				748C60B91D2BF87E00CD1B8C /* dirent.h */,
				748C60BA1D2BF87E00CD1B8C /* sal.h */,
				748C60BB1D2BF87E00CD1B8C /* specstrings_strict.h */,
				748C60BC1D2BF87E00CD1B8C /* specstrings_undef.h */,
			);
			path = mingw;
			sourceTree = "<group>";
		};
		748C60BD1D2BF87E00CD1B8C /* msvc */ = {
			isa = PBXGroup;
			children = (
				748C60BE1D2BF87E00CD1B8C /* alloca.h */,
				748C60BF1D2BF87E00CD1B8C /* dirent.h */,
				748C60C01D2BF87E00CD1B8C /* inttypes.h */,
				748C60C11D2BF87E00CD1B8C /* pre1600 */,
				748C60C31D2BF87E00CD1B8C /* stdbool.h */,
			);
			path = msvc;
			sourceTree = "<group>";
		};
		748C60C11D2BF87E00CD1B8C /* pre1600 */ = {
			isa = PBXGroup;
			children = (
				748C60C21D2BF87E00CD1B8C /* stdint.h */,
			);
			path = pre1600;
			sourceTree = "<group>";
		};
		748C60C41D2BF87E00CD1B8C /* nacl */ = {
			isa = PBXGroup;
			children = (
				748C60C51D2BF87E00CD1B8C /* memory.h */,
			);
			path = nacl;
			sourceTree = "<group>";
		};
		748C60C61D2BF87E00CD1B8C /* osx */ = {
			isa = PBXGroup;
			children = (
				748C60C71D2BF87E00CD1B8C /* malloc.h */,
			);
			path = osx;
			sourceTree = "<group>";
		};
		748C60C81D2BF87E00CD1B8C /* tinystl */ = {
			isa = PBXGroup;
			children = (
				748C60C91D2BF87E00CD1B8C /* allocator.h */,
				748C60CA1D2BF87E00CD1B8C /* buffer.h */,
				748C60CB1D2BF87E00CD1B8C /* hash.h */,
				748C60CC1D2BF87E00CD1B8C /* hash_base.h */,
				748C60CD1D2BF87E00CD1B8C /* LICENSE */,
				748C60CE1D2BF87E00CD1B8C /* new.h */,
				748C60CF1D2BF87E00CD1B8C /* stddef.h */,
				748C60D01D2BF87E00CD1B8C /* string.h */,
				748C60D11D2BF87E00CD1B8C /* traits.h */,
				748C60D21D2BF87E00CD1B8C /* unordered_map.h */,
				748C60D31D2BF87E00CD1B8C /* unordered_set.h */,
				748C60D41D2BF87E00CD1B8C /* vector.h */,
			);
			path = tinystl;
			sourceTree = "<group>";
		};
		748C60D71D2BFE2000CD1B8C /* gl */ = {
			isa = PBXGroup;
			children = (
				748C60D81D2BFE2000CD1B8C /* glcorearb.h */,
				748C60D91D2BFE2000CD1B8C /* glext.h */,
				748C60DA1D2BFE2000CD1B8C /* GRemedyGLExtensions.h */,
			);
			path = gl;
			sourceTree = "<group>";
		};
/* End PBXGroup section */

/* Begin PBXNativeTarget section */
		8D1107260486CEB800E47090 /* CinderBgfx */ = {
			isa = PBXNativeTarget;
			buildConfigurationList = C01FCF4A08A954540054247B /* Build configuration list for PBXNativeTarget "CinderBgfx" */;
			buildPhases = (
				8D1107290486CEB800E47090 /* Resources */,
				8D11072C0486CEB800E47090 /* Sources */,
				8D11072E0486CEB800E47090 /* Frameworks */,
			);
			buildRules = (
			);
			dependencies = (
			);
			name = CinderBgfx;
			productInstallPath = "$(HOME)/Applications";
			productName = CinderBgfx;
			productReference = 8D1107320486CEB800E47090 /* CinderBgfx.app */;
			productType = "com.apple.product-type.application";
		};
/* End PBXNativeTarget section */

/* Begin PBXProject section */
		29B97313FDCFA39411CA2CEA /* Project object */ = {
			isa = PBXProject;
			attributes = {
			};
			buildConfigurationList = C01FCF4E08A954540054247B /* Build configuration list for PBXProject "CinderBgfx" */;
			compatibilityVersion = "Xcode 3.2";
			developmentRegion = English;
			hasScannedForEncodings = 1;
			knownRegions = (
				English,
				Japanese,
				French,
				German,
			);
			mainGroup = 29B97314FDCFA39411CA2CEA /* CinderBgfx */;
			projectDirPath = "";
			projectRoot = "";
			targets = (
				8D1107260486CEB800E47090 /* CinderBgfx */,
			);
		};
/* End PBXProject section */

/* Begin PBXResourcesBuildPhase section */
		8D1107290486CEB800E47090 /* Resources */ = {
			isa = PBXResourcesBuildPhase;
			buildActionMask = 2147483647;
			files = (
				748C60651D2BF64A00CD1B8C /* fs_clear1.sc in Resources */,
				748C60641D2BF64A00CD1B8C /* fs_clear0.sc in Resources */,
				748C60611D2BF64A00CD1B8C /* bgfx_compute.sh in Resources */,
				748C60681D2BF64A00CD1B8C /* fs_clear4.sc in Resources */,
				748C60D51D2BF87E00CD1B8C /* float4_swizzle.inl in Resources */,
				748C60621D2BF64A00CD1B8C /* bgfx_shader.sh in Resources */,
				748C606C1D2BF64A00CD1B8C /* fs_debugfont.sc in Resources */,
				748C60671D2BF64A00CD1B8C /* fs_clear3.sc in Resources */,
				748C60D61D2BF87E00CD1B8C /* LICENSE in Resources */,
				748C60861D2BF64A00CD1B8C /* vs_debugfont.sc in Resources */,
				748C606B1D2BF64A00CD1B8C /* fs_clear7.sc in Resources */,
				748C60691D2BF64A00CD1B8C /* fs_clear5.sc in Resources */,
				48CEB1F6B5B04A379463890E /* CinderApp.icns in Resources */,
				748C606A1D2BF64A00CD1B8C /* fs_clear6.sc in Resources */,
				748C60851D2BF64A00CD1B8C /* vs_clear.sc in Resources */,
				748C60661D2BF64A00CD1B8C /* fs_clear2.sc in Resources */,
				748C60831D2BF64A00CD1B8C /* varying.def.sc in Resources */,
			);
			runOnlyForDeploymentPostprocessing = 0;
		};
/* End PBXResourcesBuildPhase section */

/* Begin PBXSourcesBuildPhase section */
		8D11072C0486CEB800E47090 /* Sources */ = {
			isa = PBXSourcesBuildPhase;
			buildActionMask = 2147483647;
			files = (
				748C60781D2BF64A00CD1B8C /* renderer_d3d12.cpp in Sources */,
				748C60601D2BF64A00CD1B8C /* bgfx.cpp in Sources */,
				748C60751D2BF64A00CD1B8C /* image.cpp in Sources */,
				748C607D1D2BF64A00CD1B8C /* renderer_vk.cpp in Sources */,
				748C607E1D2BF64A00CD1B8C /* shader.cpp in Sources */,
				748C60711D2BF64A00CD1B8C /* glcontext_ppapi.cpp in Sources */,
				748C606E1D2BF64A00CD1B8C /* glcontext_egl.cpp in Sources */,
				748C607F1D2BF64A00CD1B8C /* shader_dx9bc.cpp in Sources */,
				748C60771D2BF64A00CD1B8C /* renderer_d3d11.cpp in Sources */,
				748C60631D2BF64A00CD1B8C /* debug_renderdoc.cpp in Sources */,
				748C60841D2BF64A00CD1B8C /* vertexdecl.cpp in Sources */,
				748C60721D2BF64A00CD1B8C /* glcontext_wgl.cpp in Sources */,
				748C60821D2BF64A00CD1B8C /* topology.cpp in Sources */,
				748C606F1D2BF64A00CD1B8C /* glcontext_glx.cpp in Sources */,
				748C60811D2BF64A00CD1B8C /* shader_spirv.cpp in Sources */,
				748C60701D2BF64A00CD1B8C /* glcontext_nsgl.mm in Sources */,
				748C60801D2BF64A00CD1B8C /* shader_dxbc.cpp in Sources */,
				748C607C1D2BF64A00CD1B8C /* renderer_null.cpp in Sources */,
				748C607B1D2BF64A00CD1B8C /* renderer_mtl.mm in Sources */,
				748C60791D2BF64A00CD1B8C /* renderer_d3d9.cpp in Sources */,
				2935C3611770422796E632CF /* CinderBgfxApp.cpp in Sources */,
				748C606D1D2BF64A00CD1B8C /* glcontext_eagl.mm in Sources */,
				748C607A1D2BF64A00CD1B8C /* renderer_gl.cpp in Sources */,
			);
			runOnlyForDeploymentPostprocessing = 0;
		};
/* End PBXSourcesBuildPhase section */

/* Begin XCBuildConfiguration section */
		C01FCF4B08A954540054247B /* Debug */ = {
			isa = XCBuildConfiguration;
			buildSettings = {
				ALWAYS_SEARCH_USER_PATHS = NO;
				COMBINE_HIDPI_IMAGES = YES;
				COPY_PHASE_STRIP = NO;
				DEAD_CODE_STRIPPING = YES;
				GCC_DYNAMIC_NO_PIC = NO;
				GCC_INLINES_ARE_PRIVATE_EXTERN = YES;
				GCC_OPTIMIZATION_LEVEL = 0;
				GCC_PRECOMPILE_PREFIX_HEADER = YES;
				GCC_PREFIX_HEADER = CinderBgfx_Prefix.pch;
				GCC_PREPROCESSOR_DEFINITIONS = (
					"DEBUG=1",
					"$(inherited)",
				);
				GCC_SYMBOLS_PRIVATE_EXTERN = NO;
				HEADER_SEARCH_PATHS = (
					"\"$(CINDER_PATH)/include\"",
					../bgfx/include,
					../bgfx/include/compat/osx,
				);
				INFOPLIST_FILE = Info.plist;
				INSTALL_PATH = "$(HOME)/Applications";
				OTHER_LDFLAGS = "\"$(CINDER_PATH)/lib/libcinder_d.a\"";
				PRODUCT_BUNDLE_IDENTIFIER = "org.libcinder.${PRODUCT_NAME:rfc1034identifier}";
				PRODUCT_NAME = CinderBgfx;
				SYMROOT = ./build;
				USER_HEADER_SEARCH_PATHS = "\"$(CINDER_PATH)/include\" ../include";
				WRAPPER_EXTENSION = app;
			};
			name = Debug;
		};
		C01FCF4C08A954540054247B /* Release */ = {
			isa = XCBuildConfiguration;
			buildSettings = {
				ALWAYS_SEARCH_USER_PATHS = NO;
				COMBINE_HIDPI_IMAGES = YES;
				DEAD_CODE_STRIPPING = YES;
				DEBUG_INFORMATION_FORMAT = "dwarf-with-dsym";
				GCC_FAST_MATH = YES;
				GCC_GENERATE_DEBUGGING_SYMBOLS = NO;
				GCC_INLINES_ARE_PRIVATE_EXTERN = YES;
				GCC_OPTIMIZATION_LEVEL = 3;
				GCC_PRECOMPILE_PREFIX_HEADER = YES;
				GCC_PREFIX_HEADER = CinderBgfx_Prefix.pch;
				GCC_PREPROCESSOR_DEFINITIONS = (
					"NDEBUG=1",
					"$(inherited)",
				);
				GCC_SYMBOLS_PRIVATE_EXTERN = NO;
				HEADER_SEARCH_PATHS = (
					"\"$(CINDER_PATH)/include\"",
					../bgfx/include,
					../bgfx/include/compat/osx,
				);
				INFOPLIST_FILE = Info.plist;
				INSTALL_PATH = "$(HOME)/Applications";
				OTHER_LDFLAGS = "\"$(CINDER_PATH)/lib/libcinder.a\"";
				PRODUCT_BUNDLE_IDENTIFIER = "org.libcinder.${PRODUCT_NAME:rfc1034identifier}";
				PRODUCT_NAME = CinderBgfx;
				STRIP_INSTALLED_PRODUCT = YES;
				SYMROOT = ./build;
				USER_HEADER_SEARCH_PATHS = "\"$(CINDER_PATH)/include\" ../include";
				WRAPPER_EXTENSION = app;
			};
			name = Release;
		};
		C01FCF4F08A954540054247B /* Debug */ = {
			isa = XCBuildConfiguration;
			buildSettings = {
				ALWAYS_SEARCH_USER_PATHS = NO;
				CINDER_PATH = ../../Cinder;
				CLANG_CXX_LANGUAGE_STANDARD = "c++11";
				CLANG_CXX_LIBRARY = "libc++";
				ENABLE_TESTABILITY = YES;
				GCC_PREPROCESSOR_DEFINITIONS = "";
				GCC_WARN_ABOUT_RETURN_TYPE = YES;
				GCC_WARN_UNUSED_VARIABLE = YES;
				HEADER_SEARCH_PATHS = "\"$(CINDER_PATH)/include\"";
				MACOSX_DEPLOYMENT_TARGET = 10.8;
				ONLY_ACTIVE_ARCH = YES;
				SDKROOT = macosx;
				USER_HEADER_SEARCH_PATHS = "\"$(CINDER_PATH)/include\" ../include";
			};
			name = Debug;
		};
		C01FCF5008A954540054247B /* Release */ = {
			isa = XCBuildConfiguration;
			buildSettings = {
				ALWAYS_SEARCH_USER_PATHS = NO;
				CINDER_PATH = ../../Cinder;
				CLANG_CXX_LANGUAGE_STANDARD = "c++11";
				CLANG_CXX_LIBRARY = "libc++";
				GCC_PREPROCESSOR_DEFINITIONS = "";
				GCC_WARN_ABOUT_RETURN_TYPE = YES;
				GCC_WARN_UNUSED_VARIABLE = YES;
				HEADER_SEARCH_PATHS = "\"$(CINDER_PATH)/include\"";
				MACOSX_DEPLOYMENT_TARGET = 10.8;
				SDKROOT = macosx;
				USER_HEADER_SEARCH_PATHS = "\"$(CINDER_PATH)/include\" ../include";
			};
			name = Release;
		};
/* End XCBuildConfiguration section */

/* Begin XCConfigurationList section */
		C01FCF4A08A954540054247B /* Build configuration list for PBXNativeTarget "CinderBgfx" */ = {
			isa = XCConfigurationList;
			buildConfigurations = (
				C01FCF4B08A954540054247B /* Debug */,
				C01FCF4C08A954540054247B /* Release */,
			);
			defaultConfigurationIsVisible = 0;
			defaultConfigurationName = Release;
		};
		C01FCF4E08A954540054247B /* Build configuration list for PBXProject "CinderBgfx" */ = {
			isa = XCConfigurationList;
			buildConfigurations = (
				C01FCF4F08A954540054247B /* Debug */,
				C01FCF5008A954540054247B /* Release */,
			);
			defaultConfigurationIsVisible = 0;
			defaultConfigurationName = Release;
		};
/* End XCConfigurationList section */
	};
	rootObject = 29B97313FDCFA39411CA2CEA /* Project object */;
}
